
Microsoft Visual Studio Solution File, Format Version 12.00
# Visual Studio Version 16
VisualStudioVersion = 16.0.29025.244
MinimumVisualStudioVersion = 10.0.40219.1
Project("{8BC9CEB8-8B4A-11D0-8D11-00A0C91BC942}") = "Blockchain", "Blockchain\Blockchain.vcxproj", "{77D666E1-DB30-451A-BBCD-205E08BCB67C}"
EndProject
Global
	GlobalSection(SolutionConfigurationPlatforms) = preSolution
		debug|x64 = debug|x64
		debug|x86 = debug|x86
		debug-beast|x64 = debug-beast|x64
		debug-beast|x86 = debug-beast|x86
		release|x64 = release|x64
		release|x86 = release|x86
		release-beast|x64 = release-beast|x64
		release-beast|x86 = release-beast|x86
	EndGlobalSection
	GlobalSection(ProjectConfigurationPlatforms) = postSolution
		{77D666E1-DB30-451A-BBCD-205E08BCB67C}.debug|x64.ActiveCfg = Debug|x64
		{77D666E1-DB30-451A-BBCD-205E08BCB67C}.debug|x64.Build.0 = Debug|x64
		{77D666E1-DB30-451A-BBCD-205E08BCB67C}.debug|x86.ActiveCfg = Debug|Win32
		{77D666E1-DB30-451A-BBCD-205E08BCB67C}.debug|x86.Build.0 = Debug|Win32
		{77D666E1-DB30-451A-BBCD-205E08BCB67C}.debug-beast|x64.ActiveCfg = Debug|x64
		{77D666E1-DB30-451A-BBCD-205E08BCB67C}.debug-beast|x64.Build.0 = Debug|x64
		{77D666E1-DB30-451A-BBCD-205E08BCB67C}.debug-beast|x86.ActiveCfg = debug-beast|Win32
		{77D666E1-DB30-451A-BBCD-205E08BCB67C}.debug-beast|x86.Build.0 = debug-beast|Win32
		{77D666E1-DB30-451A-BBCD-205E08BCB67C}.release|x64.ActiveCfg = Release|x64
		{77D666E1-DB30-451A-BBCD-205E08BCB67C}.release|x64.Build.0 = Release|x64
		{77D666E1-DB30-451A-BBCD-205E08BCB67C}.release|x86.ActiveCfg = Release|Win32
		{77D666E1-DB30-451A-BBCD-205E08BCB67C}.release|x86.Build.0 = Release|Win32
		{77D666E1-DB30-451A-BBCD-205E08BCB67C}.release-beast|x64.ActiveCfg = Release|x64
		{77D666E1-DB30-451A-BBCD-205E08BCB67C}.release-beast|x64.Build.0 = Release|x64
		{77D666E1-DB30-451A-BBCD-205E08BCB67C}.release-beast|x86.ActiveCfg = release-beast|Win32
		{77D666E1-DB30-451A-BBCD-205E08BCB67C}.release-beast|x86.Build.0 = release-beast|Win32
	EndGlobalSection
	GlobalSection(SolutionProperties) = preSolution
		HideSolutionNode = FALSE
	EndGlobalSection
	GlobalSection(ExtensibilityGlobals) = postSolution
		SolutionGuid = {4A0AEFB8-7B09-4781-95E1-259EC91734B1}
	EndGlobalSection
EndGlobal
