
Microsoft Visual Studio Solution File, Format Version 12.00
# Visual Studio Version 16
VisualStudioVersion = 16.0.29025.244
MinimumVisualStudioVersion = 10.0.40219.1
Project("{FAE04EC0-301F-11D3-BF4B-00C04F79EFBC}") = "BlockchainTests", "BlockchainTests\BlockchainTests.csproj", "{5F5183C9-F8E2-489E-A68B-5F81344BEC8C}"
EndProject
Project("{FAE04EC0-301F-11D3-BF4B-00C04F79EFBC}") = "Blockchain", "Blockchain\Blockchain.csproj", "{D03A5115-E5FF-4769-B5B1-F44C8D433136}"
EndProject
Global
	GlobalSection(SolutionConfigurationPlatforms) = preSolution
		Debug|Any CPU = Debug|Any CPU
		Release|Any CPU = Release|Any CPU
	EndGlobalSection
	GlobalSection(ProjectConfigurationPlatforms) = postSolution
		{5F5183C9-F8E2-489E-A68B-5F81344BEC8C}.Debug|Any CPU.ActiveCfg = Debug|Any CPU
		{5F5183C9-F8E2-489E-A68B-5F81344BEC8C}.Debug|Any CPU.Build.0 = Debug|Any CPU
		{5F5183C9-F8E2-489E-A68B-5F81344BEC8C}.Release|Any CPU.ActiveCfg = Release|Any CPU
		{5F5183C9-F8E2-489E-A68B-5F81344BEC8C}.Release|Any CPU.Build.0 = Release|Any CPU
		{D03A5115-E5FF-4769-B5B1-F44C8D433136}.Debug|Any CPU.ActiveCfg = Debug|Any CPU
		{D03A5115-E5FF-4769-B5B1-F44C8D433136}.Debug|Any CPU.Build.0 = Debug|Any CPU
		{D03A5115-E5FF-4769-B5B1-F44C8D433136}.Release|Any CPU.ActiveCfg = Release|Any CPU
		{D03A5115-E5FF-4769-B5B1-F44C8D433136}.Release|Any CPU.Build.0 = Release|Any CPU
	EndGlobalSection
	GlobalSection(SolutionProperties) = preSolution
		HideSolutionNode = FALSE
	EndGlobalSection
	GlobalSection(ExtensibilityGlobals) = postSolution
		SolutionGuid = {D005640F-A98C-40EC-9FAF-BA435EF8D008}
	EndGlobalSection
EndGlobal
