
Microsoft Visual Studio Solution File, Format Version 12.00
# Visual Studio Version 16
VisualStudioVersion = 16.0.29025.244
MinimumVisualStudioVersion = 10.0.40219.1
Project("{9A19103F-16F7-4668-BE54-9A1E7A4F7556}") = "BlockchainTests", "BlockchainTests\BlockchainTests.csproj", "{1A06A3D9-DED0-48D6-8CE1-8D29A0B7A339}"
EndProject
Project("{9A19103F-16F7-4668-BE54-9A1E7A4F7556}") = "Blockchain", "Blockchain\Blockchain.csproj", "{BE854C92-1408-448E-8966-77F8B2D75389}"
EndProject
Global
	GlobalSection(SolutionConfigurationPlatforms) = preSolution
		Debug|Any CPU = Debug|Any CPU
		Release|Any CPU = Release|Any CPU
	EndGlobalSection
	GlobalSection(ProjectConfigurationPlatforms) = postSolution
		{1A06A3D9-DED0-48D6-8CE1-8D29A0B7A339}.Debug|Any CPU.ActiveCfg = Debug|Any CPU
		{1A06A3D9-DED0-48D6-8CE1-8D29A0B7A339}.Debug|Any CPU.Build.0 = Debug|Any CPU
		{1A06A3D9-DED0-48D6-8CE1-8D29A0B7A339}.Release|Any CPU.ActiveCfg = Release|Any CPU
		{1A06A3D9-DED0-48D6-8CE1-8D29A0B7A339}.Release|Any CPU.Build.0 = Release|Any CPU
		{BE854C92-1408-448E-8966-77F8B2D75389}.Debug|Any CPU.ActiveCfg = Debug|Any CPU
		{BE854C92-1408-448E-8966-77F8B2D75389}.Debug|Any CPU.Build.0 = Debug|Any CPU
		{BE854C92-1408-448E-8966-77F8B2D75389}.Release|Any CPU.ActiveCfg = Release|Any CPU
		{BE854C92-1408-448E-8966-77F8B2D75389}.Release|Any CPU.Build.0 = Release|Any CPU
	EndGlobalSection
	GlobalSection(SolutionProperties) = preSolution
		HideSolutionNode = FALSE
	EndGlobalSection
	GlobalSection(ExtensibilityGlobals) = postSolution
		SolutionGuid = {2D1B50FD-23EF-4EBB-8DDE-546518D651E1}
	EndGlobalSection
EndGlobal
