<?xml version="1.0" encoding="utf-8"?>
<Project ToolsVersion="4.0" xmlns="http://schemas.microsoft.com/developer/msbuild/2003">
  <ItemGroup>
    <Filter Include="Blockchain">
      <UniqueIdentifier>{8a84602e-8e58-486e-a195-8d5f9721547a}</UniqueIdentifier>
    </Filter>
    <Filter Include="cmdline">
      <UniqueIdentifier>{582639b7-8243-4833-93ce-f5c8a43e30f0}</UniqueIdentifier>
    </Filter>
    <Filter Include="url-cpp">
      <UniqueIdentifier>{9851fe00-858a-446e-ba75-79385594fa8e}</UniqueIdentifier>
    </Filter>
    <Filter Include="PicoSHA2">
      <UniqueIdentifier>{fc2a47e8-5b57-4b74-89ef-c76a185b47b6}</UniqueIdentifier>
    </Filter>
    <Filter Include="json">
      <UniqueIdentifier>{c6643cf4-dc08-433e-9aa1-80e78db95191}</UniqueIdentifier>
    </Filter>
    <Filter Include="cpp-httplib">
      <UniqueIdentifier>{657f0e94-8e82-4bd3-a6e4-08fb855a0c20}</UniqueIdentifier>
    </Filter>
    <Filter Include="easyloggingpp">
      <UniqueIdentifier>{408f0d2a-ece5-4feb-bce2-311f70592e88}</UniqueIdentifier>
    </Filter>
    <Filter Include="sole">
      <UniqueIdentifier>{e9a80cf5-5e59-4a34-9be6-44ba256395c6}</UniqueIdentifier>
    </Filter>
  </ItemGroup>
  <ItemGroup>
    <ClInclude Include="blockchain.hpp">
      <Filter>Blockchain</Filter>
    </ClInclude>
    <ClInclude Include="..\cmdline\cmdline.h">
      <Filter>cmdline</Filter>
    </ClInclude>
    <ClInclude Include="..\nlohmann\json.hpp">
      <Filter>json</Filter>
    </ClInclude>
    <ClInclude Include="..\PicoSHA2\picosha2.h">
      <Filter>PicoSHA2</Filter>
    </ClInclude>
    <ClInclude Include="..\url-cpp\psl.h">
      <Filter>url-cpp</Filter>
    </ClInclude>
    <ClInclude Include="..\url-cpp\punycode.h">
      <Filter>url-cpp</Filter>
    </ClInclude>
    <ClInclude Include="..\url-cpp\url.h">
      <Filter>url-cpp</Filter>
    </ClInclude>
    <ClInclude Include="..\url-cpp\utf8.h">
      <Filter>url-cpp</Filter>
    </ClInclude>
    <ClInclude Include="..\cpp-httplib\httplib.h">
      <Filter>cpp-httplib</Filter>
    </ClInclude>
    <ClInclude Include="..\easyloggingpp\easylogging++.h">
      <Filter>easyloggingpp</Filter>
    </ClInclude>
    <ClInclude Include="..\sole\sole.hpp">
      <Filter>sole</Filter>
    </ClInclude>
  </ItemGroup>
  <ItemGroup>
    <ClCompile Include="blockchain.cpp">
      <Filter>Blockchain</Filter>
    </ClCompile>
    <ClCompile Include="..\url-cpp\psl.cpp">
      <Filter>url-cpp</Filter>
    </ClCompile>
    <ClCompile Include="..\url-cpp\punycode.cpp">
      <Filter>url-cpp</Filter>
    </ClCompile>
    <ClCompile Include="..\url-cpp\url.cpp">
      <Filter>url-cpp</Filter>
    </ClCompile>
    <ClCompile Include="..\url-cpp\utf8.cpp">
      <Filter>url-cpp</Filter>
    </ClCompile>
    <ClCompile Include="..\easyloggingpp\easylogging++.cc">
      <Filter>easyloggingpp</Filter>
    </ClCompile>
  </ItemGroup>
</Project>